{
  "version": 2,
  "dependencies": {
    "net10.0": {
      "Flurl.Http": {
        "type": "Direct",
        "requested": "[4.0.2, )",
        "resolved": "4.0.2",
        "contentHash": "9vCqFFyceA11yplkFD8AbCFFTvG1Lrw3tpsgOpL5sLUc28p6zcvGszNleuT6nDymRvtt5eS+rqUX+bRztg1fhA==",
        "dependencies": {
          "Flurl": "4.0.0"
        }
      },
      "Microsoft.SourceLink.GitHub": {
        "type": "Direct",
        "requested": "[8.0.0, )",
        "resolved": "8.0.0",
        "contentHash": "G5q7OqtwIyGTkeIOAc3u2ZuV/kicQaec5EaRnc0pIeSnh9LUjj+PYQrJYBURvDt7twGl2PKA7nSN0kz1Zw5bnQ==",
        "dependencies": {
          "Microsoft.Build.Tasks.Git": "8.0.0",
          "Microsoft.SourceLink.Common": "8.0.0"
        }
      },
      "Nerdbank.GitVersioning": {
        "type": "Direct",
        "requested": "[3.9.50, )",
        "resolved": "3.9.50",
        "contentHash": "HtOgGF6jZ+WYbXnCUCYPT8Y2d6mIJo9ozjK/FINTRsXdm4Zgv9GehUMa7EFoGQkqrMcDJNOIDwCmENnvXg4UbA=="
      },
      "StyleCop.Analyzers": {
        "type": "Direct",
        "requested": "[1.2.0-beta.556, )",
        "resolved": "1.2.0-beta.556",
        "contentHash": "llRPgmA1fhC0I0QyFLEcjvtM2239QzKr/tcnbsjArLMJxJlu0AA5G7Fft0OI30pHF3MW63Gf4aSSsjc5m82J1Q==",
        "dependencies": {
          "StyleCop.Analyzers.Unstable": "1.2.0.556"
        }
      },
      "Umbraco.Code": {
        "type": "Direct",
        "requested": "[2.4.0, )",
        "resolved": "2.4.0",
        "contentHash": "eUCgHm7Mr7Z6XV34TxHo0p/d8MK+HH8389LNkjwQz7qF15mJlVj1vLrJ7YWX8YK9ojMAkKGLeaDu/MClrNSgRw==",
        "dependencies": {
          "Microsoft.CodeAnalysis.CSharp.Workspaces": "[4.14.0, 4.999.999)"
        }
      },
      "Umbraco.Commerce.Core": {
        "type": "Direct",
        "requested": "[17.0.0, 17.999.999)",
        "resolved": "17.0.0",
        "contentHash": "q7sE+lYbqurBqKmneay+y4/ph8hlfBywzNxO2WUe0tB7U2JY/WpPlD1x8J0d55s5+JvYoRw8elAHL9rqcL09mA==",
        "dependencies": {
          "RT.Comb": "[4.0.3, 4.999.999)",
          "System.Linq.Async": "[7.0.0, 7.999.999)",
          "Umbraco.Commerce.Common": "17.0.0"
        }
      },
      "Umbraco.GitVersioning.Extensions": {
        "type": "Direct",
        "requested": "[0.2.0, )",
        "resolved": "0.2.0",
        "contentHash": "m85a1RWGllvZxhw4SfnNyHszN9WDqQk6WGpR0Fzu2ZwEHCPesQPc+7NDl/PgUrVLyLDA9HqAasb2NEHqPffaCQ=="
      },
      "CompareNETObjects": {
        "type": "Transitive",
        "resolved": "4.84.0",
        "contentHash": "OkAQ9RYkiQkgDc+eLDYMNE+rJB99rQAbnUqZTVLlzxt5YkPuLFQHgV+Nk2iRlffPxaq5DDoM577EC8lyR6OOnQ==",
        "dependencies": {
          "System.Configuration.Configurationmanager": "8.0.0",
          "System.Drawing.Common": "8.0.0"
        }
      },
      "Flurl": {
        "type": "Transitive",
        "resolved": "4.0.0",
        "contentHash": "rpts69yYgvJqg6PPgqShBQEZ4aNzWQqWpWppcT0oDWxDCIsBqiod4pj6LQZdhk+1OozLFagemldMRACdHF3CsA=="
      },
      "Humanizer.Core": {
        "type": "Transitive",
        "resolved": "2.14.1",
        "contentHash": "lQKvtaTDOXnoVJ20ibTuSIOf2i0uO0MPbDhd1jm238I+U/2ZnRENj0cktKZhtchBMtCUSRQ5v4xBCUbKNmyVMw=="
      },
      "Microsoft.Build.Tasks.Git": {
        "type": "Transitive",
        "resolved": "8.0.0",
        "contentHash": "bZKfSIKJRXLTuSzLudMFte/8CempWjVamNUR5eHJizsy+iuOuO/k2gnh7W0dHJmYY0tBf+gUErfluCv5mySAOQ=="
      },
      "Microsoft.CodeAnalysis.Analyzers": {
        "type": "Transitive",
        "resolved": "3.11.0",
        "contentHash": "v/EW3UE8/lbEYHoC2Qq7AR/DnmvpgdtAMndfQNmpuIMx/Mto8L5JnuCfdBYtgvalQOtfNCnxFejxuRrryvUTsg=="
      },
      "Microsoft.CodeAnalysis.Common": {
        "type": "Transitive",
        "resolved": "4.14.0",
        "contentHash": "PC3tuwZYnC+idaPuoC/AZpEdwrtX7qFpmnrfQkgobGIWiYmGi5MCRtl5mx6QrfMGQpK78X2lfIEoZDLg/qnuHg==",
        "dependencies": {
          "Microsoft.CodeAnalysis.Analyzers": "3.11.0"
        }
      },
      "Microsoft.CodeAnalysis.CSharp": {
        "type": "Transitive",
        "resolved": "4.14.0",
        "contentHash": "568a6wcTivauIhbeWcCwfWwIn7UV7MeHEBvFB2uzGIpM2OhJ4eM/FZ8KS0yhPoNxnSpjGzz7x7CIjTxhslojQA==",
        "dependencies": {
          "Microsoft.CodeAnalysis.Analyzers": "3.11.0",
          "Microsoft.CodeAnalysis.Common": "[4.14.0]"
        }
      },
      "Microsoft.CodeAnalysis.CSharp.Workspaces": {
        "type": "Transitive",
        "resolved": "4.14.0",
        "contentHash": "QkgCEM4qJo6gdtblXtNgHqtykS61fxW+820hx5JN6n9DD4mQtqNB+6fPeJ3GQWg6jkkGz6oG9yZq7H3Gf0zwYw==",
        "dependencies": {
          "Humanizer.Core": "2.14.1",
          "Microsoft.CodeAnalysis.Analyzers": "3.11.0",
          "Microsoft.CodeAnalysis.CSharp": "[4.14.0]",
          "Microsoft.CodeAnalysis.Common": "[4.14.0]",
          "Microsoft.CodeAnalysis.Workspaces.Common": "[4.14.0]",
          "System.Composition": "9.0.0"
        }
      },
      "Microsoft.CodeAnalysis.Workspaces.Common": {
        "type": "Transitive",
        "resolved": "4.14.0",
        "contentHash": "wNVK9JrqjqDC/WgBUFV6henDfrW87NPfo98nzah/+M/G1D6sBOPtXwqce3UQNn+6AjTnmkHYN1WV9XmTlPemTw==",
        "dependencies": {
          "Humanizer.Core": "2.14.1",
          "Microsoft.CodeAnalysis.Analyzers": "3.11.0",
          "Microsoft.CodeAnalysis.Common": "[4.14.0]",
          "System.Composition": "9.0.0"
        }
      },
      "Microsoft.Extensions.Caching.Abstractions": {
        "type": "Transitive",
        "resolved": "10.0.0",
        "contentHash": "Zcoy6H9mSoGyvr7UvlGokEZrlZkcPCICPZr8mCsSt9U/N8eeCwCXwKF5bShdA66R0obxBCwP4AxomQHvVkC/uA==",
        "dependencies": {
          "Microsoft.Extensions.Primitives": "10.0.0"
        }
      },
      "Microsoft.Extensions.Caching.Memory": {
        "type": "Transitive",
        "resolved": "10.0.0",
        "contentHash": "krK19MKp0BNiR9rpBDW7PKSrTMLVlifS9am3CVc4O1Jq6GWz0o4F+sw5OSL4L3mVd56W8l6JRgghUa2KB51vOw==",
        "dependencies": {
          "Microsoft.Extensions.Caching.Abstractions": "10.0.0",
          "Microsoft.Extensions.DependencyInjection.Abstractions": "10.0.0",
          "Microsoft.Extensions.Logging.Abstractions": "10.0.0",
          "Microsoft.Extensions.Options": "10.0.0",
          "Microsoft.Extensions.Primitives": "10.0.0"
        }
      },
      "Microsoft.Extensions.DependencyInjection.Abstractions": {
        "type": "Transitive",
        "resolved": "10.0.0",
        "contentHash": "L3AdmZ1WOK4XXT5YFPEwyt0ep6l8lGIPs7F5OOBZc77Zqeo01Of7XXICy47628sdVl0v/owxYJTe86DTgFwKCA=="
      },
      "Microsoft.Extensions.FileProviders.Abstractions": {
        "type": "Transitive",
        "resolved": "10.0.0",
        "contentHash": "/ppSdehKk3fuXjlqCDgSOtjRK/pSHU8eWgzSHfHdwVm5BP4Dgejehkw+PtxKG2j98qTDEHDst2Y99aNsmJldmw==",
        "dependencies": {
          "Microsoft.Extensions.Primitives": "10.0.0"
        }
      },
      "Microsoft.Extensions.Logging.Abstractions": {
        "type": "Transitive",
        "resolved": "10.0.0",
        "contentHash": "FU/IfjDfwaMuKr414SSQNTIti/69bHEMb+QKrskRb26oVqpx3lNFXMjs/RC9ZUuhBhcwDM2BwOgoMw+PZ+beqQ==",
        "dependencies": {
          "Microsoft.Extensions.DependencyInjection.Abstractions": "10.0.0"
        }
      },
      "Microsoft.Extensions.Options": {
        "type": "Transitive",
        "resolved": "10.0.0",
        "contentHash": "8oCAgXOow5XDrY9HaXX1QmH3ORsyZO/ANVHBlhLyCeWTH5Sg4UuqZeOTWJi6484M+LqSx0RqQXDJtdYy2BNiLQ==",
        "dependencies": {
          "Microsoft.Extensions.DependencyInjection.Abstractions": "10.0.0",
          "Microsoft.Extensions.Primitives": "10.0.0"
        }
      },
      "Microsoft.Extensions.Primitives": {
        "type": "Transitive",
        "resolved": "10.0.0",
        "contentHash": "inRnbpCS0nwO/RuoZIAqxQUuyjaknOOnCEZB55KSMMjRhl0RQDttSmLSGsUJN3RQ3ocf5NDLFd2mOQViHqMK5w=="
      },
      "Microsoft.SourceLink.Common": {
        "type": "Transitive",
        "resolved": "8.0.0",
        "contentHash": "dk9JPxTCIevS75HyEQ0E4OVAFhB2N+V9ShCXf8Q6FkUQZDkgLI12y679Nym1YqsiSysuQskT7Z+6nUf3yab6Vw=="
      },
      "Microsoft.Win32.SystemEvents": {
        "type": "Transitive",
        "resolved": "8.0.0",
        "contentHash": "9opKRyOKMCi2xJ7Bj7kxtZ1r9vbzosMvRrdEhVhDz8j8MoBGgB+WmC94yH839NPH+BclAjtQ/pyagvi/8gDLkw=="
      },
      "RT.Comb": {
        "type": "Transitive",
        "resolved": "4.0.3",
        "contentHash": "q+orPpRD4V0lfVGi4ctVtAiIVwcPhHbUhLOb7EASS5oBw6EE2iyvbYXW2p8x99MiCkKxYNrvxf2f0oiEWSBYqw=="
      },
      "StyleCop.Analyzers.Unstable": {
        "type": "Transitive",
        "resolved": "1.2.0.556",
        "contentHash": "zvn9Mqs/ox/83cpYPignI8hJEM2A93s2HkHs8HYMOAQW0PkampyoErAiIyKxgTLqbbad29HX/shv/6LGSjPJNQ=="
      },
      "System.Composition": {
        "type": "Transitive",
        "resolved": "9.0.0",
        "contentHash": "3Djj70fFTraOarSKmRnmRy/zm4YurICm+kiCtI0dYRqGJnLX6nJ+G3WYuFJ173cAPax/gh96REcbNiVqcrypFQ==",
        "dependencies": {
          "System.Composition.AttributedModel": "9.0.0",
          "System.Composition.Convention": "9.0.0",
          "System.Composition.Hosting": "9.0.0",
          "System.Composition.Runtime": "9.0.0",
          "System.Composition.TypedParts": "9.0.0"
        }
      },
      "System.Composition.AttributedModel": {
        "type": "Transitive",
        "resolved": "9.0.0",
        "contentHash": "iri00l/zIX9g4lHMY+Nz0qV1n40+jFYAmgsaiNn16xvt2RDwlqByNG4wgblagnDYxm3YSQQ0jLlC/7Xlk9CzyA=="
      },
      "System.Composition.Convention": {
        "type": "Transitive",
        "resolved": "9.0.0",
        "contentHash": "+vuqVP6xpi582XIjJi6OCsIxuoTZfR0M7WWufk3uGDeCl3wGW6KnpylUJ3iiXdPByPE0vR5TjJgR6hDLez4FQg==",
        "dependencies": {
          "System.Composition.AttributedModel": "9.0.0"
        }
      },
      "System.Composition.Hosting": {
        "type": "Transitive",
        "resolved": "9.0.0",
        "contentHash": "OFqSeFeJYr7kHxDfaViGM1ymk7d4JxK//VSoNF9Ux0gpqkLsauDZpu89kTHHNdCWfSljbFcvAafGyBoY094btQ==",
        "dependencies": {
          "System.Composition.Runtime": "9.0.0"
        }
      },
      "System.Composition.Runtime": {
        "type": "Transitive",
        "resolved": "9.0.0",
        "contentHash": "w1HOlQY1zsOWYussjFGZCEYF2UZXgvoYnS94NIu2CBnAGMbXFAX8PY8c92KwUItPmowal68jnVLBCzdrWLeEKA=="
      },
      "System.Composition.TypedParts": {
        "type": "Transitive",
        "resolved": "9.0.0",
        "contentHash": "aRZlojCCGEHDKqh43jaDgaVpYETsgd7Nx4g1zwLKMtv4iTo0627715ajEFNpEEBTgLmvZuv8K0EVxc3sM4NWJA==",
        "dependencies": {
          "System.Composition.AttributedModel": "9.0.0",
          "System.Composition.Hosting": "9.0.0",
          "System.Composition.Runtime": "9.0.0"
        }
      },
      "System.Configuration.ConfigurationManager": {
        "type": "Transitive",
        "resolved": "8.0.0",
        "contentHash": "JlYi9XVvIREURRUlGMr1F6vOFLk7YSY4p1vHo4kX3tQ0AGrjqlRWHDi66ImHhy6qwXBG3BJ6Y1QlYQ+Qz6Xgww==",
        "dependencies": {
          "System.Diagnostics.EventLog": "8.0.0",
          "System.Security.Cryptography.ProtectedData": "8.0.0"
        }
      },
      "System.Diagnostics.EventLog": {
        "type": "Transitive",
        "resolved": "8.0.0",
        "contentHash": "fdYxcRjQqTTacKId/2IECojlDSFvp7LP5N78+0z/xH7v/Tuw5ZAxu23Y6PTCRinqyu2ePx+Gn1098NC6jM6d+A=="
      },
      "System.Drawing.Common": {
        "type": "Transitive",
        "resolved": "8.0.0",
        "contentHash": "JkbHJjtI/dWc5dfmEdJlbe3VwgZqCkZRtfuWFh5GOv0f+gGCfBtzMpIVkmdkj2AObO9y+oiOi81UGwH3aBYuqA==",
        "dependencies": {
          "Microsoft.Win32.SystemEvents": "8.0.0"
        }
      },
      "System.Interactive.Async": {
        "type": "Transitive",
        "resolved": "7.0.0",
        "contentHash": "Ckj+tg2BVOZ0oLp7FAbjfvRyA/BMkUhVxROLd+x22zncRR6KD7CdFzAYp+9Mo2cedxAMo2X9ZNyhZu68jdDITw=="
      },
      "System.Linq.Async": {
        "type": "Transitive",
        "resolved": "7.0.0",
        "contentHash": "A2Wci92Oyuodi8YLMQCJJ0vHqzgRFgEUG1K6tQNcoxHd3w05B1LvGzXvxQnGYPIL4Cr4hicHytpk2F2Jx8TZHg==",
        "dependencies": {
          "System.Interactive.Async": "7.0.0"
        }
      },
      "System.Linq.Dynamic.Core": {
        "type": "Transitive",
        "resolved": "1.7.0",
        "contentHash": "RRRSPBgjpY1JKFYhXhv7V4W00HSTDScxb1odljuO59F+vMeN9sv9/v0FeXtmI4AJ9F+VRyX/3TgTLQ3PByHpAw=="
      },
      "System.Security.Cryptography.ProtectedData": {
        "type": "Transitive",
        "resolved": "8.0.0",
        "contentHash": "+TUFINV2q2ifyXauQXRwy4CiBhqvDEDZeVJU7qfxya4aRYOKzVBpN+4acx25VcPB9ywUN6C0n8drWl110PhZEg=="
      },
      "Umbraco.Commerce.Common": {
        "type": "Transitive",
        "resolved": "17.0.0",
        "contentHash": "o5MQ8jpBb6vbk7t2B07ZRRtqvyvEjGiQJ6TvIJej2j3DeqrRSARLVS5dZhof6fm/ynfK01t5a9e2RHnbPUzMmA==",
        "dependencies": {
          "CompareNETObjects": "[4.84.0, 4.999.999)",
          "Microsoft.Extensions.Caching.Memory": "[10.0.0, 10.999.999)",
          "Microsoft.Extensions.DependencyInjection.Abstractions": "[10.0.0, 10.999.999)",
          "Microsoft.Extensions.FileProviders.Abstractions": "[10.0.0, 10.999.999)",
          "System.Linq.Dynamic.Core": "[1.7.0, 1.999.999)"
        }
      }
    }
  }
}